
Microsoft Visual Studio Solution File, Format Version 12.00
# Visual Studio 15
VisualStudioVersion = 15.0.27703.2035
MinimumVisualStudioVersion = 10.0.40219.1
Project("{FAE04EC0-301F-11D3-BF4B-00C04F79EFBC}") = "CtrlMoney", "CtrlMoney\CtrlMoney.csproj", "{CC05CD5C-2088-434F-B05B-ABBA4AE105E3}"
EndProject
Global
	GlobalSection(SolutionConfigurationPlatforms) = preSolution
		Debug|Any CPU = Debug|Any CPU
		Release|Any CPU = Release|Any CPU
	EndGlobalSection
	GlobalSection(ProjectConfigurationPlatforms) = postSolution
		{CC05CD5C-2088-434F-B05B-ABBA4AE105E3}.Debug|Any CPU.ActiveCfg = Debug|Any CPU
		{CC05CD5C-2088-434F-B05B-ABBA4AE105E3}.Debug|Any CPU.Build.0 = Debug|Any CPU
		{CC05CD5C-2088-434F-B05B-ABBA4AE105E3}.Release|Any CPU.ActiveCfg = Release|Any CPU
		{CC05CD5C-2088-434F-B05B-ABBA4AE105E3}.Release|Any CPU.Build.0 = Release|Any CPU
	EndGlobalSection
	GlobalSection(SolutionProperties) = preSolution
		HideSolutionNode = FALSE
	EndGlobalSection
	GlobalSection(ExtensibilityGlobals) = postSolution
		SolutionGuid = {67FD25FC-3CFC-417B-8D34-616FF84E7069}
	EndGlobalSection
EndGlobal
