
Microsoft Visual Studio Solution File, Format Version 12.00
# Visual Studio 15
VisualStudioVersion = 15.0.27703.2035
MinimumVisualStudioVersion = 10.0.40219.1
Project("{FAE04EC0-301F-11D3-BF4B-00C04F79EFBC}") = "CtrlMoney", "CtrlMoney\CtrlMoney.csproj", "{CC05CD5C-2088-434F-B05B-ABBA4AE105E3}"
EndProject
Project("{2150E333-8FDC-42A3-9474-1A3956D46DE8}") = "LogicaNegocio", "LogicaNegocio", "{16474D85-1399-432C-A9D3-D86B79E48CD2}"
EndProject
Project("{FAE04EC0-301F-11D3-BF4B-00C04F79EFBC}") = "Dominio", "Dominio\Dominio.csproj", "{18A80467-5FD6-4331-90BD-72EBD12CD69C}"
EndProject
Project("{2150E333-8FDC-42A3-9474-1A3956D46DE8}") = "Persistencia", "Persistencia", "{2B08B88C-BFB1-4B3E-915A-811C57EDA1A0}"
EndProject
Project("{FAE04EC0-301F-11D3-BF4B-00C04F79EFBC}") = "EntityAcessoDados", "EntityAcessoDados\EntityAcessoDados.csproj", "{2E7D1F41-1A4A-4FF6-AF2B-66B114EDF12A}"
EndProject
Global
	GlobalSection(SolutionConfigurationPlatforms) = preSolution
		Debug|Any CPU = Debug|Any CPU
		Release|Any CPU = Release|Any CPU
	EndGlobalSection
	GlobalSection(ProjectConfigurationPlatforms) = postSolution
		{CC05CD5C-2088-434F-B05B-ABBA4AE105E3}.Debug|Any CPU.ActiveCfg = Debug|Any CPU
		{CC05CD5C-2088-434F-B05B-ABBA4AE105E3}.Debug|Any CPU.Build.0 = Debug|Any CPU
		{CC05CD5C-2088-434F-B05B-ABBA4AE105E3}.Release|Any CPU.ActiveCfg = Release|Any CPU
		{CC05CD5C-2088-434F-B05B-ABBA4AE105E3}.Release|Any CPU.Build.0 = Release|Any CPU
		{18A80467-5FD6-4331-90BD-72EBD12CD69C}.Debug|Any CPU.ActiveCfg = Debug|Any CPU
		{18A80467-5FD6-4331-90BD-72EBD12CD69C}.Debug|Any CPU.Build.0 = Debug|Any CPU
		{18A80467-5FD6-4331-90BD-72EBD12CD69C}.Release|Any CPU.ActiveCfg = Release|Any CPU
		{18A80467-5FD6-4331-90BD-72EBD12CD69C}.Release|Any CPU.Build.0 = Release|Any CPU
		{2E7D1F41-1A4A-4FF6-AF2B-66B114EDF12A}.Debug|Any CPU.ActiveCfg = Debug|Any CPU
		{2E7D1F41-1A4A-4FF6-AF2B-66B114EDF12A}.Debug|Any CPU.Build.0 = Debug|Any CPU
		{2E7D1F41-1A4A-4FF6-AF2B-66B114EDF12A}.Release|Any CPU.ActiveCfg = Release|Any CPU
		{2E7D1F41-1A4A-4FF6-AF2B-66B114EDF12A}.Release|Any CPU.Build.0 = Release|Any CPU
	EndGlobalSection
	GlobalSection(SolutionProperties) = preSolution
		HideSolutionNode = FALSE
	EndGlobalSection
	GlobalSection(NestedProjects) = preSolution
		{18A80467-5FD6-4331-90BD-72EBD12CD69C} = {16474D85-1399-432C-A9D3-D86B79E48CD2}
		{2E7D1F41-1A4A-4FF6-AF2B-66B114EDF12A} = {2B08B88C-BFB1-4B3E-915A-811C57EDA1A0}
	EndGlobalSection
	GlobalSection(ExtensibilityGlobals) = postSolution
		SolutionGuid = {67FD25FC-3CFC-417B-8D34-616FF84E7069}
	EndGlobalSection
EndGlobal
